
Microsoft Visual Studio Solution File, Format Version 12.00
# Visual Studio Version 16
VisualStudioVersion = 16.0.29215.179
MinimumVisualStudioVersion = 10.0.40219.1
Project("{FAE04EC0-301F-11D3-BF4B-00C04F79EFBC}") = "WebAPI", "WebAPI\WebAPI.csproj", "{56150863-AD0D-4BDB-9DD1-D6B0CD37FCCD}"
EndProject
Global
	GlobalSection(SolutionConfigurationPlatforms) = preSolution
		Debug|Any CPU = Debug|Any CPU
		Release|Any CPU = Release|Any CPU
	EndGlobalSection
	GlobalSection(ProjectConfigurationPlatforms) = postSolution
		{56150863-AD0D-4BDB-9DD1-D6B0CD37FCCD}.Debug|Any CPU.ActiveCfg = Debug|Any CPU
		{56150863-AD0D-4BDB-9DD1-D6B0CD37FCCD}.Debug|Any CPU.Build.0 = Debug|Any CPU
		{56150863-AD0D-4BDB-9DD1-D6B0CD37FCCD}.Release|Any CPU.ActiveCfg = Release|Any CPU
		{56150863-AD0D-4BDB-9DD1-D6B0CD37FCCD}.Release|Any CPU.Build.0 = Release|Any CPU
	EndGlobalSection
	GlobalSection(SolutionProperties) = preSolution
		HideSolutionNode = FALSE
	EndGlobalSection
	GlobalSection(ExtensibilityGlobals) = postSolution
		SolutionGuid = {4D0C6151-F7BB-406C-BE37-2E9FD1106AE4}
	EndGlobalSection
EndGlobal
